
Microsoft Visual Studio Solution File, Format Version 12.00
# Visual Studio Version 17
VisualStudioVersion = 17.4.33403.182
MinimumVisualStudioVersion = 10.0.40219.1
Project("{FAE04EC0-301F-11D3-BF4B-00C04F79EFBC}") = "API", "API\API.csproj", "{5C296C1B-D618-42CF-B829-A6F24501F70C}"
EndProject
Project("{FAE04EC0-301F-11D3-BF4B-00C04F79EFBC}") = "Core", "Core\Core.csproj", "{40BFC322-9A8B-4709-8F4C-9DBDEE17F2B8}"
EndProject
Project("{FAE04EC0-301F-11D3-BF4B-00C04F79EFBC}") = "Infraestructure", "Infraestructure\Infraestructure.csproj", "{B0FAC01B-779E-41EF-B970-33C1569639E0}"
EndProject
Global
	GlobalSection(SolutionConfigurationPlatforms) = preSolution
		Debug|Any CPU = Debug|Any CPU
		Release|Any CPU = Release|Any CPU
	EndGlobalSection
	GlobalSection(ProjectConfigurationPlatforms) = postSolution
		{5C296C1B-D618-42CF-B829-A6F24501F70C}.Debug|Any CPU.ActiveCfg = Debug|Any CPU
		{5C296C1B-D618-42CF-B829-A6F24501F70C}.Debug|Any CPU.Build.0 = Debug|Any CPU
		{5C296C1B-D618-42CF-B829-A6F24501F70C}.Release|Any CPU.ActiveCfg = Release|Any CPU
		{5C296C1B-D618-42CF-B829-A6F24501F70C}.Release|Any CPU.Build.0 = Release|Any CPU
		{40BFC322-9A8B-4709-8F4C-9DBDEE17F2B8}.Debug|Any CPU.ActiveCfg = Debug|Any CPU
		{40BFC322-9A8B-4709-8F4C-9DBDEE17F2B8}.Debug|Any CPU.Build.0 = Debug|Any CPU
		{40BFC322-9A8B-4709-8F4C-9DBDEE17F2B8}.Release|Any CPU.ActiveCfg = Release|Any CPU
		{40BFC322-9A8B-4709-8F4C-9DBDEE17F2B8}.Release|Any CPU.Build.0 = Release|Any CPU
		{B0FAC01B-779E-41EF-B970-33C1569639E0}.Debug|Any CPU.ActiveCfg = Debug|Any CPU
		{B0FAC01B-779E-41EF-B970-33C1569639E0}.Debug|Any CPU.Build.0 = Debug|Any CPU
		{B0FAC01B-779E-41EF-B970-33C1569639E0}.Release|Any CPU.ActiveCfg = Release|Any CPU
		{B0FAC01B-779E-41EF-B970-33C1569639E0}.Release|Any CPU.Build.0 = Release|Any CPU
	EndGlobalSection
	GlobalSection(SolutionProperties) = preSolution
		HideSolutionNode = FALSE
	EndGlobalSection
	GlobalSection(ExtensibilityGlobals) = postSolution
		SolutionGuid = {026E8782-FA05-430D-913C-0C9F4C70C583}
	EndGlobalSection
EndGlobal
